
Microsoft Visual Studio Solution File, Format Version 12.00
# Visual Studio Version 16
VisualStudioVersion = 16.0.31911.196
MinimumVisualStudioVersion = 10.0.40219.1
Project("{FAE04EC0-301F-11D3-BF4B-00C04F79EFBC}") = "MyDicty", "MyDicty.csproj", "{7E0208FC-30F0-4373-BC2B-CA56AAF14DB6}"
EndProject
Global
	GlobalSection(SolutionConfigurationPlatforms) = preSolution
		Debug|Any CPU = Debug|Any CPU
		Release|Any CPU = Release|Any CPU
	EndGlobalSection
	GlobalSection(ProjectConfigurationPlatforms) = postSolution
		{7E0208FC-30F0-4373-BC2B-CA56AAF14DB6}.Debug|Any CPU.ActiveCfg = Debug|Any CPU
		{7E0208FC-30F0-4373-BC2B-CA56AAF14DB6}.Debug|Any CPU.Build.0 = Debug|Any CPU
		{7E0208FC-30F0-4373-BC2B-CA56AAF14DB6}.Release|Any CPU.ActiveCfg = Release|Any CPU
		{7E0208FC-30F0-4373-BC2B-CA56AAF14DB6}.Release|Any CPU.Build.0 = Release|Any CPU
	EndGlobalSection
	GlobalSection(SolutionProperties) = preSolution
		HideSolutionNode = FALSE
	EndGlobalSection
	GlobalSection(ExtensibilityGlobals) = postSolution
		SolutionGuid = {68A19B14-5FFF-4BBE-A45B-383C74436432}
	EndGlobalSection
EndGlobal
